
Microsoft Visual Studio Solution File, Format Version 12.00
# Visual Studio Version 17
VisualStudioVersion = 17.8.34330.188
MinimumVisualStudioVersion = 10.0.40219.1
Project("{FAE04EC0-301F-11D3-BF4B-00C04F79EFBC}") = "stage0", "stage0\stage0.csproj", "{B045D2B5-2664-41BA-8612-D0C8C75247FF}"
EndProject
Global
	GlobalSection(SolutionConfigurationPlatforms) = preSolution
		Debug|Any CPU = Debug|Any CPU
		Release|Any CPU = Release|Any CPU
	EndGlobalSection
	GlobalSection(ProjectConfigurationPlatforms) = postSolution
		{B045D2B5-2664-41BA-8612-D0C8C75247FF}.Debug|Any CPU.ActiveCfg = Debug|Any CPU
		{B045D2B5-2664-41BA-8612-D0C8C75247FF}.Debug|Any CPU.Build.0 = Debug|Any CPU
		{B045D2B5-2664-41BA-8612-D0C8C75247FF}.Release|Any CPU.ActiveCfg = Release|Any CPU
		{B045D2B5-2664-41BA-8612-D0C8C75247FF}.Release|Any CPU.Build.0 = Release|Any CPU
	EndGlobalSection
	GlobalSection(SolutionProperties) = preSolution
		HideSolutionNode = FALSE
	EndGlobalSection
	GlobalSection(ExtensibilityGlobals) = postSolution
		SolutionGuid = {2201EECE-82B4-492A-AA9E-FEC9B94704E7}
	EndGlobalSection
EndGlobal
